
Microsoft Visual Studio Solution File, Format Version 12.00
# Visual Studio Version 16
VisualStudioVersion = 16.0.31019.35
MinimumVisualStudioVersion = 10.0.40219.1
Project("{FAE04EC0-301F-11D3-BF4B-00C04F79EFBC}") = "UserClient", "UserClient\UserClient.csproj", "{4B37B766-E870-4C16-A9B8-8A9439F216B1}"
EndProject
Project("{FAE04EC0-301F-11D3-BF4B-00C04F79EFBC}") = "RelayServer", "RelayServer\RelayServer.csproj", "{29DB8F69-0ECD-4C8D-945E-3E8548328CD3}"
EndProject
Global
	GlobalSection(SolutionConfigurationPlatforms) = preSolution
		Debug|Any CPU = Debug|Any CPU
		Release|Any CPU = Release|Any CPU
	EndGlobalSection
	GlobalSection(ProjectConfigurationPlatforms) = postSolution
		{4B37B766-E870-4C16-A9B8-8A9439F216B1}.Debug|Any CPU.ActiveCfg = Debug|Any CPU
		{4B37B766-E870-4C16-A9B8-8A9439F216B1}.Debug|Any CPU.Build.0 = Debug|Any CPU
		{4B37B766-E870-4C16-A9B8-8A9439F216B1}.Release|Any CPU.ActiveCfg = Release|Any CPU
		{4B37B766-E870-4C16-A9B8-8A9439F216B1}.Release|Any CPU.Build.0 = Release|Any CPU
		{29DB8F69-0ECD-4C8D-945E-3E8548328CD3}.Debug|Any CPU.ActiveCfg = Debug|Any CPU
		{29DB8F69-0ECD-4C8D-945E-3E8548328CD3}.Debug|Any CPU.Build.0 = Debug|Any CPU
		{29DB8F69-0ECD-4C8D-945E-3E8548328CD3}.Release|Any CPU.ActiveCfg = Release|Any CPU
		{29DB8F69-0ECD-4C8D-945E-3E8548328CD3}.Release|Any CPU.Build.0 = Release|Any CPU
	EndGlobalSection
	GlobalSection(SolutionProperties) = preSolution
		HideSolutionNode = FALSE
	EndGlobalSection
	GlobalSection(ExtensibilityGlobals) = postSolution
		SolutionGuid = {02223F83-CFA9-4376-851C-B62E5D195AEB}
	EndGlobalSection
EndGlobal
